// !$*UTF8*$!
{
	archiveVersion = 1;
	classes = {
	};
	objectVersion = 46;
	objects = {

/* Begin PBXBuildFile section */
		2E5AA4341D8B33530017B9F1 /* Member.swift in Sources */ = {isa = PBXBuildFile; fileRef = 2E5AA4331D8B33530017B9F1 /* Member.swift */; };
		2E5AA4361D8B38850017B9F1 /* People.csv in Resources */ = {isa = PBXBuildFile; fileRef = 2E5AA4351D8B38850017B9F1 /* People.csv */; };
		2E5AA4381D8B3AB20017B9F1 /* People.csv in Resources */ = {isa = PBXBuildFile; fileRef = 2E5AA4371D8B3AB20017B9F1 /* People.csv */; };
		2E63E5671D8B47A8001FB961 /* Ben Felder.jpg in Resources */ = {isa = PBXBuildFile; fileRef = 2E63E55E1D8B47A8001FB961 /* Ben Felder.jpg */; };
		2E63E5681D8B47A8001FB961 /* Cal Stephens.jpg in Resources */ = {isa = PBXBuildFile; fileRef = 2E63E55F1D8B47A8001FB961 /* Cal Stephens.jpg */; };
		2E63E5691D8B47A8001FB961 /* Chris Josey.jpg in Resources */ = {isa = PBXBuildFile; fileRef = 2E63E5601D8B47A8001FB961 /* Chris Josey.jpg */; };
		2E63E56A1D8B47A8001FB961 /* Giancarlo Vargas.jpg in Resources */ = {isa = PBXBuildFile; fileRef = 2E63E5611D8B47A8001FB961 /* Giancarlo Vargas.jpg */; };
		2E63E56B1D8B47A8001FB961 /* Jake Waldner.jpg in Resources */ = {isa = PBXBuildFile; fileRef = 2E63E5621D8B47A8001FB961 /* Jake Waldner.jpg */; };
		2E63E56C1D8B47A8001FB961 /* Koushik Krishnan.jpg in Resources */ = {isa = PBXBuildFile; fileRef = 2E63E5631D8B47A8001FB961 /* Koushik Krishnan.jpg */; };
		2E63E56D1D8B47A8001FB961 /* Max Trussell.jpg in Resources */ = {isa = PBXBuildFile; fileRef = 2E63E5641D8B47A8001FB961 /* Max Trussell.jpg */; };
		2E63E56E1D8B47A8001FB961 /* Nick Pinto.jpg in Resources */ = {isa = PBXBuildFile; fileRef = 2E63E5651D8B47A8001FB961 /* Nick Pinto.jpg */; };
		2E63E56F1D8B47A8001FB961 /* Sam Brown.jpg in Resources */ = {isa = PBXBuildFile; fileRef = 2E63E5661D8B47A8001FB961 /* Sam Brown.jpg */; };
		2ED16C931D8B154D00B9424D /* AppDelegate.swift in Sources */ = {isa = PBXBuildFile; fileRef = 2ED16C921D8B154D00B9424D /* AppDelegate.swift */; };
		2ED16C951D8B154D00B9424D /* ViewController.swift in Sources */ = {isa = PBXBuildFile; fileRef = 2ED16C941D8B154D00B9424D /* ViewController.swift */; };
		2ED16C971D8B154D00B9424D /* Assets.xcassets in Resources */ = {isa = PBXBuildFile; fileRef = 2ED16C961D8B154D00B9424D /* Assets.xcassets */; };
		2ED16C9A1D8B154D00B9424D /* Main.storyboard in Resources */ = {isa = PBXBuildFile; fileRef = 2ED16C981D8B154D00B9424D /* Main.storyboard */; };
/* End PBXBuildFile section */

/* Begin PBXFileReference section */
		2E5AA4331D8B33530017B9F1 /* Member.swift */ = {isa = PBXFileReference; fileEncoding = 4; lastKnownFileType = sourcecode.swift; name = Member.swift; path = Model/Member.swift; sourceTree = "<group>"; };
		2E5AA4351D8B38850017B9F1 /* People.csv */ = {isa = PBXFileReference; fileEncoding = 4; lastKnownFileType = text; name = People.csv; path = Model/People.csv; sourceTree = "<group>"; };
		2E5AA4371D8B3AB20017B9F1 /* People.csv */ = {isa = PBXFileReference; fileEncoding = 4; lastKnownFileType = text; name = People.csv; path = Model/People.csv; sourceTree = "<group>"; };
		2E63E55E1D8B47A8001FB961 /* Ben Felder.jpg */ = {isa = PBXFileReference; lastKnownFileType = image.jpeg; path = "Ben Felder.jpg"; sourceTree = "<group>"; };
		2E63E55F1D8B47A8001FB961 /* Cal Stephens.jpg */ = {isa = PBXFileReference; lastKnownFileType = image.jpeg; path = "Cal Stephens.jpg"; sourceTree = "<group>"; };
		2E63E5601D8B47A8001FB961 /* Chris Josey.jpg */ = {isa = PBXFileReference; lastKnownFileType = image.jpeg; path = "Chris Josey.jpg"; sourceTree = "<group>"; };
		2E63E5611D8B47A8001FB961 /* Giancarlo Vargas.jpg */ = {isa = PBXFileReference; lastKnownFileType = image.jpeg; path = "Giancarlo Vargas.jpg"; sourceTree = "<group>"; };
		2E63E5621D8B47A8001FB961 /* Jake Waldner.jpg */ = {isa = PBXFileReference; lastKnownFileType = image.jpeg; path = "Jake Waldner.jpg"; sourceTree = "<group>"; };
		2E63E5631D8B47A8001FB961 /* Koushik Krishnan.jpg */ = {isa = PBXFileReference; lastKnownFileType = image.jpeg; path = "Koushik Krishnan.jpg"; sourceTree = "<group>"; };
		2E63E5641D8B47A8001FB961 /* Max Trussell.jpg */ = {isa = PBXFileReference; lastKnownFileType = image.jpeg; path = "Max Trussell.jpg"; sourceTree = "<group>"; };
		2E63E5651D8B47A8001FB961 /* Nick Pinto.jpg */ = {isa = PBXFileReference; lastKnownFileType = image.jpeg; path = "Nick Pinto.jpg"; sourceTree = "<group>"; };
		2E63E5661D8B47A8001FB961 /* Sam Brown.jpg */ = {isa = PBXFileReference; lastKnownFileType = image.jpeg; path = "Sam Brown.jpg"; sourceTree = "<group>"; };
		2ED16C8F1D8B154D00B9424D /* Attendance.app */ = {isa = PBXFileReference; explicitFileType = wrapper.application; includeInIndex = 0; path = Attendance.app; sourceTree = BUILT_PRODUCTS_DIR; };
		2ED16C921D8B154D00B9424D /* AppDelegate.swift */ = {isa = PBXFileReference; lastKnownFileType = sourcecode.swift; path = AppDelegate.swift; sourceTree = "<group>"; };
		2ED16C941D8B154D00B9424D /* ViewController.swift */ = {isa = PBXFileReference; lastKnownFileType = sourcecode.swift; path = ViewController.swift; sourceTree = "<group>"; };
		2ED16C961D8B154D00B9424D /* Assets.xcassets */ = {isa = PBXFileReference; lastKnownFileType = folder.assetcatalog; path = Assets.xcassets; sourceTree = "<group>"; };
		2ED16C991D8B154D00B9424D /* Base */ = {isa = PBXFileReference; lastKnownFileType = file.storyboard; name = Base; path = Base.lproj/Main.storyboard; sourceTree = "<group>"; };
		2ED16C9B1D8B154D00B9424D /* Info.plist */ = {isa = PBXFileReference; lastKnownFileType = text.plist.xml; path = Info.plist; sourceTree = "<group>"; };
/* End PBXFileReference section */

/* Begin PBXFrameworksBuildPhase section */
		2ED16C8C1D8B154D00B9424D /* Frameworks */ = {
			isa = PBXFrameworksBuildPhase;
			buildActionMask = 2147483647;
			files = (
			);
			runOnlyForDeploymentPostprocessing = 0;
		};
/* End PBXFrameworksBuildPhase section */

/* Begin PBXGroup section */
		2E5AA4321D8B33380017B9F1 /* Model */ = {
			isa = PBXGroup;
			children = (
				2E5AA4331D8B33530017B9F1 /* Member.swift */,
				2E5AA4371D8B3AB20017B9F1 /* People.csv */,
				2E63E55D1D8B47A8001FB961 /* Images */,
			);
			name = Model;
			sourceTree = "<group>";
		};
		2E63E55D1D8B47A8001FB961 /* Images */ = {
			isa = PBXGroup;
			children = (
				2E63E55E1D8B47A8001FB961 /* Ben Felder.jpg */,
				2E63E55F1D8B47A8001FB961 /* Cal Stephens.jpg */,
				2E63E5601D8B47A8001FB961 /* Chris Josey.jpg */,
				2E63E5611D8B47A8001FB961 /* Giancarlo Vargas.jpg */,
				2E63E5621D8B47A8001FB961 /* Jake Waldner.jpg */,
				2E63E5631D8B47A8001FB961 /* Koushik Krishnan.jpg */,
				2E63E5641D8B47A8001FB961 /* Max Trussell.jpg */,
				2E63E5651D8B47A8001FB961 /* Nick Pinto.jpg */,
				2E63E5661D8B47A8001FB961 /* Sam Brown.jpg */,
			);
			name = Images;
			path = Model/Images;
			sourceTree = "<group>";
		};
		2ED16C861D8B154D00B9424D = {
			isa = PBXGroup;
			children = (
				2ED16C911D8B154D00B9424D /* Attendance */,
				2ED16C901D8B154D00B9424D /* Products */,
			);
			sourceTree = "<group>";
		};
		2ED16C901D8B154D00B9424D /* Products */ = {
			isa = PBXGroup;
			children = (
				2ED16C8F1D8B154D00B9424D /* Attendance.app */,
			);
			name = Products;
			sourceTree = "<group>";
		};
		2ED16C911D8B154D00B9424D /* Attendance */ = {
			isa = PBXGroup;
			children = (
				2E5AA4321D8B33380017B9F1 /* Model */,
				2ED16C921D8B154D00B9424D /* AppDelegate.swift */,
				2ED16C941D8B154D00B9424D /* ViewController.swift */,
				2ED16C961D8B154D00B9424D /* Assets.xcassets */,
				2ED16C981D8B154D00B9424D /* Main.storyboard */,
				2ED16C9B1D8B154D00B9424D /* Info.plist */,
				2E5AA4351D8B38850017B9F1 /* People.csv */,
			);
			path = Attendance;
			sourceTree = "<group>";
		};
/* End PBXGroup section */

/* Begin PBXNativeTarget section */
		2ED16C8E1D8B154D00B9424D /* Attendance */ = {
			isa = PBXNativeTarget;
			buildConfigurationList = 2ED16C9E1D8B154D00B9424D /* Build configuration list for PBXNativeTarget "Attendance" */;
			buildPhases = (
				2ED16C8B1D8B154D00B9424D /* Sources */,
				2ED16C8C1D8B154D00B9424D /* Frameworks */,
				2ED16C8D1D8B154D00B9424D /* Resources */,
			);
			buildRules = (
			);
			dependencies = (
			);
			name = Attendance;
			productName = Attendance;
			productReference = 2ED16C8F1D8B154D00B9424D /* Attendance.app */;
			productType = "com.apple.product-type.application";
		};
/* End PBXNativeTarget section */

/* Begin PBXProject section */
		2ED16C871D8B154D00B9424D /* Project object */ = {
			isa = PBXProject;
			attributes = {
				LastSwiftUpdateCheck = 0800;
				LastUpgradeCheck = 0800;
				ORGANIZATIONNAME = "Cal Stephens";
				TargetAttributes = {
					2ED16C8E1D8B154D00B9424D = {
						CreatedOnToolsVersion = 8.0;
						DevelopmentTeam = FZ89A5SZ7C;
						ProvisioningStyle = Automatic;
					};
				};
			};
			buildConfigurationList = 2ED16C8A1D8B154D00B9424D /* Build configuration list for PBXProject "Attendance" */;
			compatibilityVersion = "Xcode 3.2";
			developmentRegion = English;
			hasScannedForEncodings = 0;
			knownRegions = (
				en,
				Base,
			);
			mainGroup = 2ED16C861D8B154D00B9424D;
			productRefGroup = 2ED16C901D8B154D00B9424D /* Products */;
			projectDirPath = "";
			projectRoot = "";
			targets = (
				2ED16C8E1D8B154D00B9424D /* Attendance */,
			);
		};
/* End PBXProject section */

/* Begin PBXResourcesBuildPhase section */
		2ED16C8D1D8B154D00B9424D /* Resources */ = {
			isa = PBXResourcesBuildPhase;
			buildActionMask = 2147483647;
			files = (
				2E63E5691D8B47A8001FB961 /* Chris Josey.jpg in Resources */,
				2E63E56B1D8B47A8001FB961 /* Jake Waldner.jpg in Resources */,
				2E5AA4361D8B38850017B9F1 /* People.csv in Resources */,
				2ED16C971D8B154D00B9424D /* Assets.xcassets in Resources */,
				2E63E56E1D8B47A8001FB961 /* Nick Pinto.jpg in Resources */,
				2E63E56F1D8B47A8001FB961 /* Sam Brown.jpg in Resources */,
				2E5AA4381D8B3AB20017B9F1 /* People.csv in Resources */,
				2E63E5681D8B47A8001FB961 /* Cal Stephens.jpg in Resources */,
				2E63E5671D8B47A8001FB961 /* Ben Felder.jpg in Resources */,
				2ED16C9A1D8B154D00B9424D /* Main.storyboard in Resources */,
				2E63E56D1D8B47A8001FB961 /* Max Trussell.jpg in Resources */,
				2E63E56A1D8B47A8001FB961 /* Giancarlo Vargas.jpg in Resources */,
				2E63E56C1D8B47A8001FB961 /* Koushik Krishnan.jpg in Resources */,
			);
			runOnlyForDeploymentPostprocessing = 0;
		};
/* End PBXResourcesBuildPhase section */

/* Begin PBXSourcesBuildPhase section */
		2ED16C8B1D8B154D00B9424D /* Sources */ = {
			isa = PBXSourcesBuildPhase;
			buildActionMask = 2147483647;
			files = (
				2ED16C951D8B154D00B9424D /* ViewController.swift in Sources */,
				2E5AA4341D8B33530017B9F1 /* Member.swift in Sources */,
				2ED16C931D8B154D00B9424D /* AppDelegate.swift in Sources */,
			);
			runOnlyForDeploymentPostprocessing = 0;
		};
/* End PBXSourcesBuildPhase section */

/* Begin PBXVariantGroup section */
		2ED16C981D8B154D00B9424D /* Main.storyboard */ = {
			isa = PBXVariantGroup;
			children = (
				2ED16C991D8B154D00B9424D /* Base */,
			);
			name = Main.storyboard;
			sourceTree = "<group>";
		};
/* End PBXVariantGroup section */

/* Begin XCBuildConfiguration section */
		2ED16C9C1D8B154D00B9424D /* Debug */ = {
			isa = XCBuildConfiguration;
			buildSettings = {
				ALWAYS_SEARCH_USER_PATHS = NO;
				CLANG_ANALYZER_NONNULL = YES;
				CLANG_CXX_LANGUAGE_STANDARD = "gnu++0x";
				CLANG_CXX_LIBRARY = "libc++";
				CLANG_ENABLE_MODULES = YES;
				CLANG_ENABLE_OBJC_ARC = YES;
				CLANG_WARN_BOOL_CONVERSION = YES;
				CLANG_WARN_CONSTANT_CONVERSION = YES;
				CLANG_WARN_DIRECT_OBJC_ISA_USAGE = YES_ERROR;
				CLANG_WARN_DOCUMENTATION_COMMENTS = YES;
				CLANG_WARN_EMPTY_BODY = YES;
				CLANG_WARN_ENUM_CONVERSION = YES;
				CLANG_WARN_INFINITE_RECURSION = YES;
				CLANG_WARN_INT_CONVERSION = YES;
				CLANG_WARN_OBJC_ROOT_CLASS = YES_ERROR;
				CLANG_WARN_SUSPICIOUS_MOVES = YES;
				CLANG_WARN_UNREACHABLE_CODE = YES;
				CLANG_WARN__DUPLICATE_METHOD_MATCH = YES;
				CODE_SIGN_IDENTITY = "-";
				COPY_PHASE_STRIP = NO;
				DEBUG_INFORMATION_FORMAT = dwarf;
				ENABLE_STRICT_OBJC_MSGSEND = YES;
				ENABLE_TESTABILITY = YES;
				GCC_C_LANGUAGE_STANDARD = gnu99;
				GCC_DYNAMIC_NO_PIC = NO;
				GCC_NO_COMMON_BLOCKS = YES;
				GCC_OPTIMIZATION_LEVEL = 0;
				GCC_PREPROCESSOR_DEFINITIONS = (
					"DEBUG=1",
					"$(inherited)",
				);
				GCC_WARN_64_TO_32_BIT_CONVERSION = YES;
				GCC_WARN_ABOUT_RETURN_TYPE = YES_ERROR;
				GCC_WARN_UNDECLARED_SELECTOR = YES;
				GCC_WARN_UNINITIALIZED_AUTOS = YES_AGGRESSIVE;
				GCC_WARN_UNUSED_FUNCTION = YES;
				GCC_WARN_UNUSED_VARIABLE = YES;
				MACOSX_DEPLOYMENT_TARGET = 10.11;
				MTL_ENABLE_DEBUG_INFO = YES;
				ONLY_ACTIVE_ARCH = YES;
				SDKROOT = macosx;
				SWIFT_ACTIVE_COMPILATION_CONDITIONS = DEBUG;
				SWIFT_OPTIMIZATION_LEVEL = "-Onone";
			};
			name = Debug;
		};
		2ED16C9D1D8B154D00B9424D /* Release */ = {
			isa = XCBuildConfiguration;
			buildSettings = {
				ALWAYS_SEARCH_USER_PATHS = NO;
				CLANG_ANALYZER_NONNULL = YES;
				CLANG_CXX_LANGUAGE_STANDARD = "gnu++0x";
				CLANG_CXX_LIBRARY = "libc++";
				CLANG_ENABLE_MODULES = YES;
				CLANG_ENABLE_OBJC_ARC = YES;
				CLANG_WARN_BOOL_CONVERSION = YES;
				CLANG_WARN_CONSTANT_CONVERSION = YES;
				CLANG_WARN_DIRECT_OBJC_ISA_USAGE = YES_ERROR;
				CLANG_WARN_DOCUMENTATION_COMMENTS = YES;
				CLANG_WARN_EMPTY_BODY = YES;
				CLANG_WARN_ENUM_CONVERSION = YES;
				CLANG_WARN_INFINITE_RECURSION = YES;
				CLANG_WARN_INT_CONVERSION = YES;
				CLANG_WARN_OBJC_ROOT_CLASS = YES_ERROR;
				CLANG_WARN_SUSPICIOUS_MOVES = YES;
				CLANG_WARN_UNREACHABLE_CODE = YES;
				CLANG_WARN__DUPLICATE_METHOD_MATCH = YES;
				CODE_SIGN_IDENTITY = "-";
				COPY_PHASE_STRIP = NO;
				DEBUG_INFORMATION_FORMAT = "dwarf-with-dsym";
				ENABLE_NS_ASSERTIONS = NO;
				ENABLE_STRICT_OBJC_MSGSEND = YES;
				GCC_C_LANGUAGE_STANDARD = gnu99;
				GCC_NO_COMMON_BLOCKS = YES;
				GCC_WARN_64_TO_32_BIT_CONVERSION = YES;
				GCC_WARN_ABOUT_RETURN_TYPE = YES_ERROR;
				GCC_WARN_UNDECLARED_SELECTOR = YES;
				GCC_WARN_UNINITIALIZED_AUTOS = YES_AGGRESSIVE;
				GCC_WARN_UNUSED_FUNCTION = YES;
				GCC_WARN_UNUSED_VARIABLE = YES;
				MACOSX_DEPLOYMENT_TARGET = 10.11;
				MTL_ENABLE_DEBUG_INFO = NO;
				SDKROOT = macosx;
				SWIFT_OPTIMIZATION_LEVEL = "-Owholemodule";
			};
			name = Release;
		};
		2ED16C9F1D8B154D00B9424D /* Debug */ = {
			isa = XCBuildConfiguration;
			buildSettings = {
				ASSETCATALOG_COMPILER_APPICON_NAME = AppIcon;
				COMBINE_HIDPI_IMAGES = YES;
				DEVELOPMENT_TEAM = FZ89A5SZ7C;
				INFOPLIST_FILE = Attendance/Info.plist;
				LD_RUNPATH_SEARCH_PATHS = "$(inherited) @executable_path/../Frameworks";
				MACOSX_DEPLOYMENT_TARGET = 10.11;
				PRODUCT_BUNDLE_IDENTIFIER = tech.calstephens.Attendance;
				PRODUCT_NAME = "$(TARGET_NAME)";
				SWIFT_VERSION = 3.0;
			};
			name = Debug;
		};
		2ED16CA01D8B154D00B9424D /* Release */ = {
			isa = XCBuildConfiguration;
			buildSettings = {
				ASSETCATALOG_COMPILER_APPICON_NAME = AppIcon;
				COMBINE_HIDPI_IMAGES = YES;
				DEVELOPMENT_TEAM = FZ89A5SZ7C;
				INFOPLIST_FILE = Attendance/Info.plist;
				LD_RUNPATH_SEARCH_PATHS = "$(inherited) @executable_path/../Frameworks";
				MACOSX_DEPLOYMENT_TARGET = 10.11;
				PRODUCT_BUNDLE_IDENTIFIER = tech.calstephens.Attendance;
				PRODUCT_NAME = "$(TARGET_NAME)";
				SWIFT_VERSION = 3.0;
			};
			name = Release;
		};
/* End XCBuildConfiguration section */

/* Begin XCConfigurationList section */
		2ED16C8A1D8B154D00B9424D /* Build configuration list for PBXProject "Attendance" */ = {
			isa = XCConfigurationList;
			buildConfigurations = (
				2ED16C9C1D8B154D00B9424D /* Debug */,
				2ED16C9D1D8B154D00B9424D /* Release */,
			);
			defaultConfigurationIsVisible = 0;
			defaultConfigurationName = Release;
		};
		2ED16C9E1D8B154D00B9424D /* Build configuration list for PBXNativeTarget "Attendance" */ = {
			isa = XCConfigurationList;
			buildConfigurations = (
				2ED16C9F1D8B154D00B9424D /* Debug */,
				2ED16CA01D8B154D00B9424D /* Release */,
			);
			defaultConfigurationIsVisible = 0;
			defaultConfigurationName = Release;
		};
/* End XCConfigurationList section */
	};
	rootObject = 2ED16C871D8B154D00B9424D /* Project object */;
}
